
Microsoft Visual Studio Solution File, Format Version 12.00
# Visual Studio Version 17
VisualStudioVersion = 17.1.32210.238
MinimumVisualStudioVersion = 10.0.40219.1
Project("{FAE04EC0-301F-11D3-BF4B-00C04F79EFBC}") = "SixMinApi", "SixMinApi\SixMinApi.csproj", "{8DD5D820-E00D-4B74-B435-4A879E06527E}"
EndProject
Global
	GlobalSection(SolutionConfigurationPlatforms) = preSolution
		Debug|Any CPU = Debug|Any CPU
		Release|Any CPU = Release|Any CPU
	EndGlobalSection
	GlobalSection(ProjectConfigurationPlatforms) = postSolution
		{8DD5D820-E00D-4B74-B435-4A879E06527E}.Debug|Any CPU.ActiveCfg = Debug|Any CPU
		{8DD5D820-E00D-4B74-B435-4A879E06527E}.Debug|Any CPU.Build.0 = Debug|Any CPU
		{8DD5D820-E00D-4B74-B435-4A879E06527E}.Release|Any CPU.ActiveCfg = Release|Any CPU
		{8DD5D820-E00D-4B74-B435-4A879E06527E}.Release|Any CPU.Build.0 = Release|Any CPU
	EndGlobalSection
	GlobalSection(SolutionProperties) = preSolution
		HideSolutionNode = FALSE
	EndGlobalSection
	GlobalSection(ExtensibilityGlobals) = postSolution
		SolutionGuid = {6EFBAB3E-E0E9-4717-A647-94C493E02A5B}
	EndGlobalSection
EndGlobal
